
Microsoft Visual Studio Solution File, Format Version 12.00
# Visual Studio Version 17
VisualStudioVersion = 17.7.34031.279
MinimumVisualStudioVersion = 10.0.40219.1
Project("{FAE04EC0-301F-11D3-BF4B-00C04F79EFBC}") = "Young_Centre", "Young_Centre\Young_Centre.csproj", "{E6170432-63A8-4317-BF4E-729B987BD78E}"
EndProject
Global
	GlobalSection(SolutionConfigurationPlatforms) = preSolution
		Debug|Any CPU = Debug|Any CPU
		Release|Any CPU = Release|Any CPU
	EndGlobalSection
	GlobalSection(ProjectConfigurationPlatforms) = postSolution
		{E6170432-63A8-4317-BF4E-729B987BD78E}.Debug|Any CPU.ActiveCfg = Debug|Any CPU
		{E6170432-63A8-4317-BF4E-729B987BD78E}.Debug|Any CPU.Build.0 = Debug|Any CPU
		{E6170432-63A8-4317-BF4E-729B987BD78E}.Release|Any CPU.ActiveCfg = Release|Any CPU
		{E6170432-63A8-4317-BF4E-729B987BD78E}.Release|Any CPU.Build.0 = Release|Any CPU
	EndGlobalSection
	GlobalSection(SolutionProperties) = preSolution
		HideSolutionNode = FALSE
	EndGlobalSection
	GlobalSection(ExtensibilityGlobals) = postSolution
		SolutionGuid = {1E41B938-93D2-4907-AF6D-B806256D6C57}
	EndGlobalSection
EndGlobal
